<?xml version="1.0" encoding="utf-8"?>
<Project ToolsVersion="4.0" xmlns="http://schemas.microsoft.com/developer/msbuild/2003">
  <ItemGroup>
    <Filter Include="소스 파일">
      <UniqueIdentifier>{4FC737F1-C7A5-4376-A066-2A32D752A2FF}</UniqueIdentifier>
      <Extensions>cpp;c;cc;cxx;def;odl;idl;hpj;bat;asm;asmx</Extensions>
    </Filter>
    <Filter Include="헤더 파일">
      <UniqueIdentifier>{93995380-89BD-4b04-88EB-625FBE52EBFB}</UniqueIdentifier>
      <Extensions>h;hh;hpp;hxx;hm;inl;inc;xsd</Extensions>
    </Filter>
    <Filter Include="리소스 파일">
      <UniqueIdentifier>{67DA6AB6-F800-4c08-8B7A-83BB121AAD01}</UniqueIdentifier>
      <Extensions>rc;ico;cur;bmp;dlg;rc2;rct;bin;rgs;gif;jpg;jpeg;jpe;resx;tiff;tif;png;wav;mfcribbon-ms</Extensions>
    </Filter>
    <Filter Include="2D Framework">
      <UniqueIdentifier>{321d935e-5001-4633-9e8a-2a4f972760a5}</UniqueIdentifier>
    </Filter>
    <Filter Include="2D Framework\manager">
      <UniqueIdentifier>{9dcb2374-bcff-497c-bfa4-c3af2dfae3ab}</UniqueIdentifier>
    </Filter>
    <Filter Include="gameStudy">
      <UniqueIdentifier>{5175af2c-33b5-416f-9a8d-3629ef86e079}</UniqueIdentifier>
    </Filter>
    <Filter Include="2D Framework\image">
      <UniqueIdentifier>{eed549ce-5e2d-4151-a1de-2d00125f8e8a}</UniqueIdentifier>
    </Filter>
    <Filter Include="2D Framework\utils">
      <UniqueIdentifier>{3328be04-0136-4080-a655-8dcf186e7857}</UniqueIdentifier>
    </Filter>
    <Filter Include="gameStudy\bullets">
      <UniqueIdentifier>{b0681545-6af1-4f29-80cd-1def69e863c3}</UniqueIdentifier>
    </Filter>
    <Filter Include="2D Framework\timer">
      <UniqueIdentifier>{9692d7be-c46d-4d58-940d-d02e1963d7ba}</UniqueIdentifier>
    </Filter>
    <Filter Include="2D Framework\txtData">
      <UniqueIdentifier>{ae96a1d9-2b3a-4d00-99cf-7339ad0a95d8}</UniqueIdentifier>
    </Filter>
    <Filter Include="2D Framework\progressBar">
      <UniqueIdentifier>{359ebc3d-c1c5-49cc-b6ac-1c1e2198a7b9}</UniqueIdentifier>
    </Filter>
    <Filter Include="gameStudy\animation">
      <UniqueIdentifier>{681582c0-c1d5-4cc2-bc44-5bc5260a2493}</UniqueIdentifier>
    </Filter>
    <Filter Include="gameStudy\piexelCollisionTest">
      <UniqueIdentifier>{81acbf70-6871-4a30-9add-3701f5d6f673}</UniqueIdentifier>
    </Filter>
    <Filter Include="2D Framework\effect">
      <UniqueIdentifier>{179d6a22-c41c-4167-a330-fa850e163d98}</UniqueIdentifier>
    </Filter>
    <Filter Include="gameStudy\effectTest">
      <UniqueIdentifier>{6a1b4be0-c8ba-46b7-9466-25ca247f47e2}</UniqueIdentifier>
    </Filter>
    <Filter Include="2D Framework\animation">
      <UniqueIdentifier>{2b311d5d-1ac9-49fd-a166-94223b303a4c}</UniqueIdentifier>
    </Filter>
    <Filter Include="gameStudy\starwarsScene">
      <UniqueIdentifier>{36e3287b-08d5-42c0-ac61-05ef838ea7e2}</UniqueIdentifier>
    </Filter>
    <Filter Include="2D Framework\button">
      <UniqueIdentifier>{ddb096a9-05ed-4b4e-bcd8-5010100f7698}</UniqueIdentifier>
    </Filter>
    <Filter Include="2D Framework\database">
      <UniqueIdentifier>{3c0c4b94-c4f5-43a8-a41d-243799c65199}</UniqueIdentifier>
    </Filter>
    <Filter Include="2D Framework\action">
      <UniqueIdentifier>{871f14ef-c28f-4271-bee8-5e817dc909a2}</UniqueIdentifier>
    </Filter>
    <Filter Include="gameStudy\starwarsScene\space">
      <UniqueIdentifier>{99dcd528-db90-4901-9ff3-8a34c078dd13}</UniqueIdentifier>
    </Filter>
    <Filter Include="gameStudy\Astar">
      <UniqueIdentifier>{64aee513-91e4-47f4-a771-7b4a04492aea}</UniqueIdentifier>
    </Filter>
  </ItemGroup>
  <ItemGroup>
    <Text Include="ReadMe.txt" />
  </ItemGroup>
  <ItemGroup>
    <ClInclude Include="stdafx.h">
      <Filter>헤더 파일</Filter>
    </ClInclude>
    <ClInclude Include="targetver.h">
      <Filter>헤더 파일</Filter>
    </ClInclude>
    <ClInclude Include="commonMacroFunction.h">
      <Filter>헤더 파일</Filter>
    </ClInclude>
    <ClInclude Include="singletonBase.h">
      <Filter>2D Framework\manager</Filter>
    </ClInclude>
    <ClInclude Include="randomFunction.h">
      <Filter>헤더 파일</Filter>
    </ClInclude>
    <ClInclude Include="gameNode.h">
      <Filter>2D Framework</Filter>
    </ClInclude>
    <ClInclude Include="gameStudy.h">
      <Filter>gameStudy</Filter>
    </ClInclude>
    <ClInclude Include="keyManager.h">
      <Filter>2D Framework\manager</Filter>
    </ClInclude>
    <ClInclude Include="image.h">
      <Filter>2D Framework\image</Filter>
    </ClInclude>
    <ClInclude Include="utils.h">
      <Filter>2D Framework\utils</Filter>
    </ClInclude>
    <ClInclude Include="imageManager.h">
      <Filter>2D Framework\manager</Filter>
    </ClInclude>
    <ClInclude Include="bullets.h">
      <Filter>gameStudy\bullets</Filter>
    </ClInclude>
    <ClInclude Include="timer.h">
      <Filter>2D Framework\timer</Filter>
    </ClInclude>
    <ClInclude Include="timeManager.h">
      <Filter>2D Framework\manager</Filter>
    </ClInclude>
    <ClInclude Include="txtData.h">
      <Filter>2D Framework\txtData</Filter>
    </ClInclude>
    <ClInclude Include="progressBar.h">
      <Filter>2D Framework\progressBar</Filter>
    </ClInclude>
    <ClInclude Include="BnS.h">
      <Filter>gameStudy\animation</Filter>
    </ClInclude>
    <ClInclude Include="pixelCollisionTest.h">
      <Filter>gameStudy\piexelCollisionTest</Filter>
    </ClInclude>
    <ClInclude Include="effect.h">
      <Filter>2D Framework\effect</Filter>
    </ClInclude>
    <ClInclude Include="effectManager.h">
      <Filter>2D Framework\manager</Filter>
    </ClInclude>
    <ClInclude Include="effectTest.h">
      <Filter>gameStudy\effectTest</Filter>
    </ClInclude>
    <ClInclude Include="animation.h">
      <Filter>2D Framework\animation</Filter>
    </ClInclude>
    <ClInclude Include="battle.h">
      <Filter>gameStudy\starwarsScene</Filter>
    </ClInclude>
    <ClInclude Include="carrier.h">
      <Filter>gameStudy\starwarsScene</Filter>
    </ClInclude>
    <ClInclude Include="starwarsScene.h">
      <Filter>gameStudy\starwarsScene</Filter>
    </ClInclude>
    <ClInclude Include="selectScene.h">
      <Filter>gameStudy\starwarsScene</Filter>
    </ClInclude>
    <ClInclude Include="button.h">
      <Filter>2D Framework\button</Filter>
    </ClInclude>
    <ClInclude Include="database.h">
      <Filter>2D Framework\database</Filter>
    </ClInclude>
    <ClInclude Include="action.h">
      <Filter>2D Framework\action</Filter>
    </ClInclude>
    <ClInclude Include="sceneManager.h">
      <Filter>2D Framework\manager</Filter>
    </ClInclude>
    <ClInclude Include="actionManager.h">
      <Filter>2D Framework\manager</Filter>
    </ClInclude>
    <ClInclude Include="space.h">
      <Filter>gameStudy\starwarsScene\space</Filter>
    </ClInclude>
    <ClInclude Include="shipManager.h">
      <Filter>gameStudy\starwarsScene\space</Filter>
    </ClInclude>
    <ClInclude Include="ship.h">
      <Filter>gameStudy\starwarsScene\space</Filter>
    </ClInclude>
    <ClInclude Include="aStar.h">
      <Filter>gameStudy\Astar</Filter>
    </ClInclude>
  </ItemGroup>
  <ItemGroup>
    <ClCompile Include="stdafx.cpp">
      <Filter>소스 파일</Filter>
    </ClCompile>
    <ClCompile Include="winApi.cpp">
      <Filter>소스 파일</Filter>
    </ClCompile>
    <ClCompile Include="gameNode.cpp">
      <Filter>2D Framework</Filter>
    </ClCompile>
    <ClCompile Include="gameStudy.cpp">
      <Filter>gameStudy</Filter>
    </ClCompile>
    <ClCompile Include="keyManager.cpp">
      <Filter>2D Framework\manager</Filter>
    </ClCompile>
    <ClCompile Include="image.cpp">
      <Filter>2D Framework\image</Filter>
    </ClCompile>
    <ClCompile Include="utils.cpp">
      <Filter>2D Framework\utils</Filter>
    </ClCompile>
    <ClCompile Include="imageManager.cpp">
      <Filter>2D Framework\manager</Filter>
    </ClCompile>
    <ClCompile Include="bullets.cpp">
      <Filter>gameStudy\bullets</Filter>
    </ClCompile>
    <ClCompile Include="timer.cpp">
      <Filter>2D Framework\timer</Filter>
    </ClCompile>
    <ClCompile Include="timeManager.cpp">
      <Filter>2D Framework\manager</Filter>
    </ClCompile>
    <ClCompile Include="txtData.cpp">
      <Filter>2D Framework\txtData</Filter>
    </ClCompile>
    <ClCompile Include="progressBar.cpp">
      <Filter>2D Framework\progressBar</Filter>
    </ClCompile>
    <ClCompile Include="BnS.cpp">
      <Filter>gameStudy\animation</Filter>
    </ClCompile>
    <ClCompile Include="pixelCollisionTest.cpp">
      <Filter>gameStudy\piexelCollisionTest</Filter>
    </ClCompile>
    <ClCompile Include="effect.cpp">
      <Filter>2D Framework\effect</Filter>
    </ClCompile>
    <ClCompile Include="effectManager.cpp">
      <Filter>2D Framework\manager</Filter>
    </ClCompile>
    <ClCompile Include="effectTest.cpp">
      <Filter>gameStudy\effectTest</Filter>
    </ClCompile>
    <ClCompile Include="animation.cpp">
      <Filter>2D Framework\animation</Filter>
    </ClCompile>
    <ClCompile Include="battle.cpp">
      <Filter>gameStudy\starwarsScene</Filter>
    </ClCompile>
    <ClCompile Include="carrier.cpp">
      <Filter>gameStudy\starwarsScene</Filter>
    </ClCompile>
    <ClCompile Include="starwarsScene.cpp">
      <Filter>gameStudy\starwarsScene</Filter>
    </ClCompile>
    <ClCompile Include="selectScene.cpp">
      <Filter>gameStudy\starwarsScene</Filter>
    </ClCompile>
    <ClCompile Include="button.cpp">
      <Filter>2D Framework\button</Filter>
    </ClCompile>
    <ClCompile Include="database.cpp">
      <Filter>2D Framework\database</Filter>
    </ClCompile>
    <ClCompile Include="action.cpp">
      <Filter>2D Framework\action</Filter>
    </ClCompile>
    <ClCompile Include="actionManager.cpp">
      <Filter>2D Framework\manager</Filter>
    </ClCompile>
    <ClCompile Include="sceneManager.cpp">
      <Filter>2D Framework\manager</Filter>
    </ClCompile>
    <ClCompile Include="space.cpp">
      <Filter>gameStudy\starwarsScene\space</Filter>
    </ClCompile>
    <ClCompile Include="shipManager.cpp">
      <Filter>gameStudy\starwarsScene\space</Filter>
    </ClCompile>
    <ClCompile Include="ship.cpp">
      <Filter>gameStudy\starwarsScene\space</Filter>
    </ClCompile>
    <ClCompile Include="aStar.cpp">
      <Filter>gameStudy\Astar</Filter>
    </ClCompile>
  </ItemGroup>
</Project>